
Microsoft Visual Studio Solution File, Format Version 12.00
# Visual Studio Version 16
VisualStudioVersion = 16.0.28803.156
MinimumVisualStudioVersion = 10.0.40219.1
Project("{9A19103F-16F7-4668-BE54-9A1E7A4F7556}") = "ApiProduct", "ApiProduct\ApiProduct.csproj", "{932AFD40-9FED-463C-802C-4B5A5C4FFB00}"
EndProject
Global
	GlobalSection(SolutionConfigurationPlatforms) = preSolution
		Debug|Any CPU = Debug|Any CPU
		Release|Any CPU = Release|Any CPU
	EndGlobalSection
	GlobalSection(ProjectConfigurationPlatforms) = postSolution
		{932AFD40-9FED-463C-802C-4B5A5C4FFB00}.Debug|Any CPU.ActiveCfg = Debug|Any CPU
		{932AFD40-9FED-463C-802C-4B5A5C4FFB00}.Debug|Any CPU.Build.0 = Debug|Any CPU
		{932AFD40-9FED-463C-802C-4B5A5C4FFB00}.Release|Any CPU.ActiveCfg = Release|Any CPU
		{932AFD40-9FED-463C-802C-4B5A5C4FFB00}.Release|Any CPU.Build.0 = Release|Any CPU
	EndGlobalSection
	GlobalSection(SolutionProperties) = preSolution
		HideSolutionNode = FALSE
	EndGlobalSection
	GlobalSection(ExtensibilityGlobals) = postSolution
		SolutionGuid = {B2761065-3035-4245-917D-8FFB14094F09}
	EndGlobalSection
EndGlobal
